
Microsoft Visual Studio Solution File, Format Version 12.00
# Visual Studio 15
VisualStudioVersion = 15.0.26730.15
MinimumVisualStudioVersion = 10.0.40219.1
Project("{FAE04EC0-301F-11D3-BF4B-00C04F79EFBC}") = "AerospikeAssignment", "AerospikeAssignment\AerospikeAssignment.csproj", "{AAFC16E3-01AB-41FB-B4E8-C3F277515D78}"
EndProject
Global
	GlobalSection(SolutionConfigurationPlatforms) = preSolution
		Debug|Any CPU = Debug|Any CPU
		Release|Any CPU = Release|Any CPU
	EndGlobalSection
	GlobalSection(ProjectConfigurationPlatforms) = postSolution
		{AAFC16E3-01AB-41FB-B4E8-C3F277515D78}.Debug|Any CPU.ActiveCfg = Debug|Any CPU
		{AAFC16E3-01AB-41FB-B4E8-C3F277515D78}.Debug|Any CPU.Build.0 = Debug|Any CPU
		{AAFC16E3-01AB-41FB-B4E8-C3F277515D78}.Release|Any CPU.ActiveCfg = Release|Any CPU
		{AAFC16E3-01AB-41FB-B4E8-C3F277515D78}.Release|Any CPU.Build.0 = Release|Any CPU
	EndGlobalSection
	GlobalSection(SolutionProperties) = preSolution
		HideSolutionNode = FALSE
	EndGlobalSection
	GlobalSection(ExtensibilityGlobals) = postSolution
		SolutionGuid = {4D2C7E13-2137-4238-8E45-276C42F2D359}
	EndGlobalSection
EndGlobal
